
Microsoft Visual Studio Solution File, Format Version 12.00
# Visual Studio Version 17
VisualStudioVersion = 17.4.33213.308
MinimumVisualStudioVersion = 10.0.40219.1
Project("{9A19103F-16F7-4668-BE54-9A1E7A4F7556}") = "InsulinResistanceApp.Server", "InsulinResistanceApp\Server\InsulinResistanceApp.Server.csproj", "{6CB4DB83-84B3-4A76-A067-BC262DD37B09}"
EndProject
Project("{9A19103F-16F7-4668-BE54-9A1E7A4F7556}") = "InsulinResistanceApp.Client", "InsulinResistanceApp\Client\InsulinResistanceApp.Client.csproj", "{DF6511AC-A148-4FEE-BE25-774047AB9B34}"
EndProject
Project("{9A19103F-16F7-4668-BE54-9A1E7A4F7556}") = "InsulinResistanceApp.Shared", "InsulinResistanceApp\Shared\InsulinResistanceApp.Shared.csproj", "{99C4EE55-9290-4E2C-8AF1-463C340EA2C7}"
EndProject
Global
	GlobalSection(SolutionConfigurationPlatforms) = preSolution
		Debug|Any CPU = Debug|Any CPU
		Release|Any CPU = Release|Any CPU
	EndGlobalSection
	GlobalSection(ProjectConfigurationPlatforms) = postSolution
		{6CB4DB83-84B3-4A76-A067-BC262DD37B09}.Debug|Any CPU.ActiveCfg = Debug|Any CPU
		{6CB4DB83-84B3-4A76-A067-BC262DD37B09}.Debug|Any CPU.Build.0 = Debug|Any CPU
		{6CB4DB83-84B3-4A76-A067-BC262DD37B09}.Release|Any CPU.ActiveCfg = Release|Any CPU
		{6CB4DB83-84B3-4A76-A067-BC262DD37B09}.Release|Any CPU.Build.0 = Release|Any CPU
		{DF6511AC-A148-4FEE-BE25-774047AB9B34}.Debug|Any CPU.ActiveCfg = Debug|Any CPU
		{DF6511AC-A148-4FEE-BE25-774047AB9B34}.Debug|Any CPU.Build.0 = Debug|Any CPU
		{DF6511AC-A148-4FEE-BE25-774047AB9B34}.Release|Any CPU.ActiveCfg = Release|Any CPU
		{DF6511AC-A148-4FEE-BE25-774047AB9B34}.Release|Any CPU.Build.0 = Release|Any CPU
		{99C4EE55-9290-4E2C-8AF1-463C340EA2C7}.Debug|Any CPU.ActiveCfg = Debug|Any CPU
		{99C4EE55-9290-4E2C-8AF1-463C340EA2C7}.Debug|Any CPU.Build.0 = Debug|Any CPU
		{99C4EE55-9290-4E2C-8AF1-463C340EA2C7}.Release|Any CPU.ActiveCfg = Release|Any CPU
		{99C4EE55-9290-4E2C-8AF1-463C340EA2C7}.Release|Any CPU.Build.0 = Release|Any CPU
	EndGlobalSection
	GlobalSection(SolutionProperties) = preSolution
		HideSolutionNode = FALSE
	EndGlobalSection
	GlobalSection(ExtensibilityGlobals) = postSolution
		SolutionGuid = {8DBD9771-262B-4DEC-B579-861A3F653EB5}
	EndGlobalSection
EndGlobal
